
Microsoft Visual Studio Solution File, Format Version 12.00
# Visual Studio 15
VisualStudioVersion = 15.0.25302.0
MinimumVisualStudioVersion = 10.0.40219.1
Project("{FAE04EC0-301F-11D3-BF4B-00C04F79EFBC}") = "mbs.cardlandia.auth.webapi", "mbs.cardlandia.auth.webapi\mbs.cardlandia.auth.webapi.csproj", "{A768146E-E695-4F77-8C4B-2EAE70E7DB4B}"
EndProject
Project("{FAE04EC0-301F-11D3-BF4B-00C04F79EFBC}") = "mbs.cardlandia.game.uwp", "mbs.cardlandia.game.uwp\mbs.cardlandia.game.uwp.csproj", "{0DE262D3-DD66-494D-9BC8-01879EDC10C2}"
EndProject
Project("{FAE04EC0-301F-11D3-BF4B-00C04F79EFBC}") = "mbs.cardlandia.auth.pcl", "mbs.cardlandia.auth.pcl\mbs.cardlandia.auth.pcl.csproj", "{F79C9700-7838-428B-9C09-071B6DC51459}"
EndProject
Project("{FAE04EC0-301F-11D3-BF4B-00C04F79EFBC}") = "mbs.cardlandia.userprofile.webapi", "mbs.cardlandia.gameprofile.webapi\mbs.cardlandia.userprofile.webapi.csproj", "{58903B18-A543-4D49-84F6-17A622D671B3}"
EndProject
Project("{FAE04EC0-301F-11D3-BF4B-00C04F79EFBC}") = "mbs.cardlandia.userprofile.pcl", "mbs.cardlandia.gameprofile.pcl\mbs.cardlandia.userprofile.pcl.csproj", "{FA6D1FC2-F614-4C03-BBAC-DEBB444FC3B7}"
EndProject
Project("{FAE04EC0-301F-11D3-BF4B-00C04F79EFBC}") = "mbs.cardlandia.auth.datalayer", "mbs.cardlandia.auth.datalayer\mbs.cardlandia.auth.datalayer.csproj", "{96FBBE16-E7F5-42CB-95FC-7670814D2749}"
EndProject
Project("{FAE04EC0-301F-11D3-BF4B-00C04F79EFBC}") = "mbs.cardlandia.auth.businesslayer", "mbs.cardlandia.auth.businesslayer\mbs.cardlandia.auth.businesslayer.csproj", "{C6819E58-FC0F-4619-AB31-EC7DF7CC059A}"
EndProject
Project("{FAE04EC0-301F-11D3-BF4B-00C04F79EFBC}") = "mbs.cardlandia.userprofile.datalayer", "mbs.cardlandia.gameprofile.datalayer\mbs.cardlandia.userprofile.datalayer.csproj", "{2E68575B-E254-4717-B686-FA9F9A5C96D2}"
EndProject
Project("{FAE04EC0-301F-11D3-BF4B-00C04F79EFBC}") = "mbs.cardlandia.userprofile.businesslayer", "mbs.cardlandia.gameprofile.businesslayer\mbs.cardlandia.userprofile.businesslayer.csproj", "{C3D21B5F-212D-420E-B687-B3A91317A0D8}"
EndProject
Project("{FAE04EC0-301F-11D3-BF4B-00C04F79EFBC}") = "mbs.cardlandia.store.webapi", "mbs.cardlandia.store.api\mbs.cardlandia.store.webapi.csproj", "{A59173B9-6128-40BE-B5ED-952E1B0DDB2D}"
EndProject
Project("{FAE04EC0-301F-11D3-BF4B-00C04F79EFBC}") = "mbs.cardlandia.store.pcl", "mbs.cardlandia.store.pcl\mbs.cardlandia.store.pcl.csproj", "{61B675A5-482E-4975-8AC3-3B4CD6AF1901}"
EndProject
Project("{FAE04EC0-301F-11D3-BF4B-00C04F79EFBC}") = "mbs.cardlandia.store.datalayer", "mbs.cardlandia.store.datalayer\mbs.cardlandia.store.datalayer.csproj", "{BD81AEDE-C79F-4BF7-92D1-CA3AB979CCAD}"
EndProject
Project("{FAE04EC0-301F-11D3-BF4B-00C04F79EFBC}") = "mbs.cardlandia.store.businesslayer", "mbs.cardlandia.store.businesslayer\mbs.cardlandia.store.businesslayer.csproj", "{423FBA36-B215-461F-80E9-0DB636137F15}"
EndProject
Project("{2150E333-8FDC-42A3-9474-1A3956D46DE8}") = "Authentifcation", "Authentifcation", "{B8BCF020-8DCA-462B-826B-A323F744719D}"
EndProject
Project("{2150E333-8FDC-42A3-9474-1A3956D46DE8}") = "Game", "Game", "{5349EC90-2820-4EA9-9B58-B7EE9A578693}"
EndProject
Project("{2150E333-8FDC-42A3-9474-1A3956D46DE8}") = "User Profile", "User Profile", "{F812C9DC-AE23-4935-9EB9-BCDF46ADEC49}"
EndProject
Project("{2150E333-8FDC-42A3-9474-1A3956D46DE8}") = "Store", "Store", "{46F709FA-7CD0-4729-9955-F66C3E24BE48}"
EndProject
Project("{FAE04EC0-301F-11D3-BF4B-00C04F79EFBC}") = "mbs.cardlandia.game.pcl", "mbs.cardlandia.game.pcl\mbs.cardlandia.game.pcl.csproj", "{AE6F27D3-C58E-48DC-A414-9E64D1A00565}"
EndProject
Project("{FAE04EC0-301F-11D3-BF4B-00C04F79EFBC}") = "mbs.cardlandia.match.webapi", "mbs.cardlandia.match.webapi\mbs.cardlandia.match.webapi.csproj", "{8C1C19D1-58F0-4554-BBBA-949801A453AD}"
EndProject
Project("{2150E333-8FDC-42A3-9474-1A3956D46DE8}") = "Match", "Match", "{885E83FD-371D-45A7-B87C-54CC845C3102}"
EndProject
Project("{FAE04EC0-301F-11D3-BF4B-00C04F79EFBC}") = "mbs.cardlandia.match.pcl", "mbs.cardlandia.match.pcl\mbs.cardlandia.match.pcl.csproj", "{B4ED58A9-385F-4E9D-A3D2-7AAF03910652}"
EndProject
Project("{FAE04EC0-301F-11D3-BF4B-00C04F79EFBC}") = "mbs.cardlandia.match.businesslayer", "mbs.cardlandia.match.businesslayer\mbs.cardlandia.match.businesslayer.csproj", "{1F33FCE4-2CE8-4246-8D97-38D0CC96FCC9}"
EndProject
Project("{FAE04EC0-301F-11D3-BF4B-00C04F79EFBC}") = "mbs.cardlandia.match.datalayer", "mbs.cardlandia.match.datalayer\mbs.cardlandia.match.datalayer.csproj", "{92F3F191-2940-4C6F-AFA2-E81A24DDDCF5}"
EndProject
Project("{2150E333-8FDC-42A3-9474-1A3956D46DE8}") = "Base Abstractions", "Base Abstractions", "{1CC3F8EF-ABD0-4453-B8EA-300FBD709C49}"
EndProject
Project("{FAE04EC0-301F-11D3-BF4B-00C04F79EFBC}") = "mbs.cardlandia.baseabstractions.datalayer", "mbs.cardlandia.base.datalayer\mbs.cardlandia.baseabstractions.datalayer.csproj", "{ED56454F-6876-44D2-AE72-F079FFE43BF8}"
EndProject
Project("{FAE04EC0-301F-11D3-BF4B-00C04F79EFBC}") = "mbs.cardlandia.baseabstractions.businesslayer", "mbs.cardlandia.base.businesslayer\mbs.cardlandia.baseabstractions.businesslayer.csproj", "{71D85672-A5BA-4AF3-9378-B4603E66F64B}"
EndProject
Project("{FAE04EC0-301F-11D3-BF4B-00C04F79EFBC}") = "mbs.cardlandia.baseabstractions.webapi", "mbs.cardlandia.base.webapi\mbs.cardlandia.baseabstractions.webapi.csproj", "{0CABC17D-324F-4C6B-9C05-2B1C20ADE217}"
EndProject
Project("{2150E333-8FDC-42A3-9474-1A3956D46DE8}") = "Chat", "Chat", "{A59831B4-D87B-42AC-84E6-4042A8865A20}"
EndProject
Project("{FAE04EC0-301F-11D3-BF4B-00C04F79EFBC}") = "mbs.cardlandia.chat.webapi", "mbs.cardlandia.chat.webapi\mbs.cardlandia.chat.webapi.csproj", "{42C51D19-85DC-4DEF-8FD6-5FE4CEAA26CE}"
EndProject
Project("{FAE04EC0-301F-11D3-BF4B-00C04F79EFBC}") = "mbs.cardlandia.chat.businesslayer", "mbs.cardlandia.chat.businesslayer\mbs.cardlandia.chat.businesslayer.csproj", "{4906FE00-3AAF-4FBC-86AF-B12D16A525E8}"
EndProject
Project("{FAE04EC0-301F-11D3-BF4B-00C04F79EFBC}") = "mbs.cardlandia.chat.datalayer", "mbs.cardlandia.chat.datalayer\mbs.cardlandia.chat.datalayer.csproj", "{D6108DF6-F5A5-4358-B6A2-4C0A0B2379A6}"
EndProject
Project("{FAE04EC0-301F-11D3-BF4B-00C04F79EFBC}") = "mbs.cardlandia.chat.pcl", "mbs.cardlandia.chat.pcl\mbs.cardlandia.chat.pcl.csproj", "{EC5C2F69-E550-4537-908D-FF31D9195BBA}"
EndProject
Project("{FAE04EC0-301F-11D3-BF4B-00C04F79EFBC}") = "mbs.cardlandia.game.uwp.library", "mbs.cardlandia.game.uwp.library\mbs.cardlandia.game.uwp.library.csproj", "{99BC9E51-3DD9-48FC-B683-BFB8A11AAA3F}"
EndProject
Global
	GlobalSection(SolutionConfigurationPlatforms) = preSolution
		Debug|Any CPU = Debug|Any CPU
		Debug|ARM = Debug|ARM
		Debug|x64 = Debug|x64
		Debug|x86 = Debug|x86
		Release|Any CPU = Release|Any CPU
		Release|ARM = Release|ARM
		Release|x64 = Release|x64
		Release|x86 = Release|x86
	EndGlobalSection
	GlobalSection(ProjectConfigurationPlatforms) = postSolution
		{A768146E-E695-4F77-8C4B-2EAE70E7DB4B}.Debug|Any CPU.ActiveCfg = Debug|Any CPU
		{A768146E-E695-4F77-8C4B-2EAE70E7DB4B}.Debug|Any CPU.Build.0 = Debug|Any CPU
		{A768146E-E695-4F77-8C4B-2EAE70E7DB4B}.Debug|ARM.ActiveCfg = Debug|Any CPU
		{A768146E-E695-4F77-8C4B-2EAE70E7DB4B}.Debug|ARM.Build.0 = Debug|Any CPU
		{A768146E-E695-4F77-8C4B-2EAE70E7DB4B}.Debug|x64.ActiveCfg = Debug|Any CPU
		{A768146E-E695-4F77-8C4B-2EAE70E7DB4B}.Debug|x64.Build.0 = Debug|Any CPU
		{A768146E-E695-4F77-8C4B-2EAE70E7DB4B}.Debug|x86.ActiveCfg = Debug|Any CPU
		{A768146E-E695-4F77-8C4B-2EAE70E7DB4B}.Debug|x86.Build.0 = Debug|Any CPU
		{A768146E-E695-4F77-8C4B-2EAE70E7DB4B}.Release|Any CPU.ActiveCfg = Release|Any CPU
		{A768146E-E695-4F77-8C4B-2EAE70E7DB4B}.Release|Any CPU.Build.0 = Release|Any CPU
		{A768146E-E695-4F77-8C4B-2EAE70E7DB4B}.Release|ARM.ActiveCfg = Release|Any CPU
		{A768146E-E695-4F77-8C4B-2EAE70E7DB4B}.Release|ARM.Build.0 = Release|Any CPU
		{A768146E-E695-4F77-8C4B-2EAE70E7DB4B}.Release|x64.ActiveCfg = Release|Any CPU
		{A768146E-E695-4F77-8C4B-2EAE70E7DB4B}.Release|x64.Build.0 = Release|Any CPU
		{A768146E-E695-4F77-8C4B-2EAE70E7DB4B}.Release|x86.ActiveCfg = Release|Any CPU
		{A768146E-E695-4F77-8C4B-2EAE70E7DB4B}.Release|x86.Build.0 = Release|Any CPU
		{0DE262D3-DD66-494D-9BC8-01879EDC10C2}.Debug|Any CPU.ActiveCfg = Debug|x86
		{0DE262D3-DD66-494D-9BC8-01879EDC10C2}.Debug|Any CPU.Build.0 = Debug|x86
		{0DE262D3-DD66-494D-9BC8-01879EDC10C2}.Debug|Any CPU.Deploy.0 = Debug|x86
		{0DE262D3-DD66-494D-9BC8-01879EDC10C2}.Debug|ARM.ActiveCfg = Debug|ARM
		{0DE262D3-DD66-494D-9BC8-01879EDC10C2}.Debug|ARM.Build.0 = Debug|ARM
		{0DE262D3-DD66-494D-9BC8-01879EDC10C2}.Debug|ARM.Deploy.0 = Debug|ARM
		{0DE262D3-DD66-494D-9BC8-01879EDC10C2}.Debug|x64.ActiveCfg = Debug|x64
		{0DE262D3-DD66-494D-9BC8-01879EDC10C2}.Debug|x64.Build.0 = Debug|x64
		{0DE262D3-DD66-494D-9BC8-01879EDC10C2}.Debug|x64.Deploy.0 = Debug|x64
		{0DE262D3-DD66-494D-9BC8-01879EDC10C2}.Debug|x86.ActiveCfg = Debug|x86
		{0DE262D3-DD66-494D-9BC8-01879EDC10C2}.Debug|x86.Build.0 = Debug|x86
		{0DE262D3-DD66-494D-9BC8-01879EDC10C2}.Debug|x86.Deploy.0 = Debug|x86
		{0DE262D3-DD66-494D-9BC8-01879EDC10C2}.Release|Any CPU.ActiveCfg = Release|x86
		{0DE262D3-DD66-494D-9BC8-01879EDC10C2}.Release|ARM.ActiveCfg = Release|ARM
		{0DE262D3-DD66-494D-9BC8-01879EDC10C2}.Release|ARM.Build.0 = Release|ARM
		{0DE262D3-DD66-494D-9BC8-01879EDC10C2}.Release|ARM.Deploy.0 = Release|ARM
		{0DE262D3-DD66-494D-9BC8-01879EDC10C2}.Release|x64.ActiveCfg = Release|x64
		{0DE262D3-DD66-494D-9BC8-01879EDC10C2}.Release|x64.Build.0 = Release|x64
		{0DE262D3-DD66-494D-9BC8-01879EDC10C2}.Release|x64.Deploy.0 = Release|x64
		{0DE262D3-DD66-494D-9BC8-01879EDC10C2}.Release|x86.ActiveCfg = Release|x86
		{0DE262D3-DD66-494D-9BC8-01879EDC10C2}.Release|x86.Build.0 = Release|x86
		{0DE262D3-DD66-494D-9BC8-01879EDC10C2}.Release|x86.Deploy.0 = Release|x86
		{F79C9700-7838-428B-9C09-071B6DC51459}.Debug|Any CPU.ActiveCfg = Debug|Any CPU
		{F79C9700-7838-428B-9C09-071B6DC51459}.Debug|Any CPU.Build.0 = Debug|Any CPU
		{F79C9700-7838-428B-9C09-071B6DC51459}.Debug|ARM.ActiveCfg = Debug|Any CPU
		{F79C9700-7838-428B-9C09-071B6DC51459}.Debug|ARM.Build.0 = Debug|Any CPU
		{F79C9700-7838-428B-9C09-071B6DC51459}.Debug|x64.ActiveCfg = Debug|Any CPU
		{F79C9700-7838-428B-9C09-071B6DC51459}.Debug|x64.Build.0 = Debug|Any CPU
		{F79C9700-7838-428B-9C09-071B6DC51459}.Debug|x86.ActiveCfg = Debug|Any CPU
		{F79C9700-7838-428B-9C09-071B6DC51459}.Debug|x86.Build.0 = Debug|Any CPU
		{F79C9700-7838-428B-9C09-071B6DC51459}.Release|Any CPU.ActiveCfg = Release|Any CPU
		{F79C9700-7838-428B-9C09-071B6DC51459}.Release|Any CPU.Build.0 = Release|Any CPU
		{F79C9700-7838-428B-9C09-071B6DC51459}.Release|ARM.ActiveCfg = Release|Any CPU
		{F79C9700-7838-428B-9C09-071B6DC51459}.Release|ARM.Build.0 = Release|Any CPU
		{F79C9700-7838-428B-9C09-071B6DC51459}.Release|x64.ActiveCfg = Release|Any CPU
		{F79C9700-7838-428B-9C09-071B6DC51459}.Release|x64.Build.0 = Release|Any CPU
		{F79C9700-7838-428B-9C09-071B6DC51459}.Release|x86.ActiveCfg = Release|Any CPU
		{F79C9700-7838-428B-9C09-071B6DC51459}.Release|x86.Build.0 = Release|Any CPU
		{58903B18-A543-4D49-84F6-17A622D671B3}.Debug|Any CPU.ActiveCfg = Debug|Any CPU
		{58903B18-A543-4D49-84F6-17A622D671B3}.Debug|Any CPU.Build.0 = Debug|Any CPU
		{58903B18-A543-4D49-84F6-17A622D671B3}.Debug|ARM.ActiveCfg = Debug|Any CPU
		{58903B18-A543-4D49-84F6-17A622D671B3}.Debug|ARM.Build.0 = Debug|Any CPU
		{58903B18-A543-4D49-84F6-17A622D671B3}.Debug|x64.ActiveCfg = Debug|Any CPU
		{58903B18-A543-4D49-84F6-17A622D671B3}.Debug|x64.Build.0 = Debug|Any CPU
		{58903B18-A543-4D49-84F6-17A622D671B3}.Debug|x86.ActiveCfg = Debug|Any CPU
		{58903B18-A543-4D49-84F6-17A622D671B3}.Debug|x86.Build.0 = Debug|Any CPU
		{58903B18-A543-4D49-84F6-17A622D671B3}.Release|Any CPU.ActiveCfg = Release|Any CPU
		{58903B18-A543-4D49-84F6-17A622D671B3}.Release|Any CPU.Build.0 = Release|Any CPU
		{58903B18-A543-4D49-84F6-17A622D671B3}.Release|ARM.ActiveCfg = Release|Any CPU
		{58903B18-A543-4D49-84F6-17A622D671B3}.Release|ARM.Build.0 = Release|Any CPU
		{58903B18-A543-4D49-84F6-17A622D671B3}.Release|x64.ActiveCfg = Release|Any CPU
		{58903B18-A543-4D49-84F6-17A622D671B3}.Release|x64.Build.0 = Release|Any CPU
		{58903B18-A543-4D49-84F6-17A622D671B3}.Release|x86.ActiveCfg = Release|Any CPU
		{58903B18-A543-4D49-84F6-17A622D671B3}.Release|x86.Build.0 = Release|Any CPU
		{FA6D1FC2-F614-4C03-BBAC-DEBB444FC3B7}.Debug|Any CPU.ActiveCfg = Debug|Any CPU
		{FA6D1FC2-F614-4C03-BBAC-DEBB444FC3B7}.Debug|Any CPU.Build.0 = Debug|Any CPU
		{FA6D1FC2-F614-4C03-BBAC-DEBB444FC3B7}.Debug|ARM.ActiveCfg = Debug|Any CPU
		{FA6D1FC2-F614-4C03-BBAC-DEBB444FC3B7}.Debug|ARM.Build.0 = Debug|Any CPU
		{FA6D1FC2-F614-4C03-BBAC-DEBB444FC3B7}.Debug|x64.ActiveCfg = Debug|Any CPU
		{FA6D1FC2-F614-4C03-BBAC-DEBB444FC3B7}.Debug|x64.Build.0 = Debug|Any CPU
		{FA6D1FC2-F614-4C03-BBAC-DEBB444FC3B7}.Debug|x86.ActiveCfg = Debug|Any CPU
		{FA6D1FC2-F614-4C03-BBAC-DEBB444FC3B7}.Debug|x86.Build.0 = Debug|Any CPU
		{FA6D1FC2-F614-4C03-BBAC-DEBB444FC3B7}.Release|Any CPU.ActiveCfg = Release|Any CPU
		{FA6D1FC2-F614-4C03-BBAC-DEBB444FC3B7}.Release|Any CPU.Build.0 = Release|Any CPU
		{FA6D1FC2-F614-4C03-BBAC-DEBB444FC3B7}.Release|ARM.ActiveCfg = Release|Any CPU
		{FA6D1FC2-F614-4C03-BBAC-DEBB444FC3B7}.Release|ARM.Build.0 = Release|Any CPU
		{FA6D1FC2-F614-4C03-BBAC-DEBB444FC3B7}.Release|x64.ActiveCfg = Release|Any CPU
		{FA6D1FC2-F614-4C03-BBAC-DEBB444FC3B7}.Release|x64.Build.0 = Release|Any CPU
		{FA6D1FC2-F614-4C03-BBAC-DEBB444FC3B7}.Release|x86.ActiveCfg = Release|Any CPU
		{FA6D1FC2-F614-4C03-BBAC-DEBB444FC3B7}.Release|x86.Build.0 = Release|Any CPU
		{96FBBE16-E7F5-42CB-95FC-7670814D2749}.Debug|Any CPU.ActiveCfg = Debug|Any CPU
		{96FBBE16-E7F5-42CB-95FC-7670814D2749}.Debug|Any CPU.Build.0 = Debug|Any CPU
		{96FBBE16-E7F5-42CB-95FC-7670814D2749}.Debug|ARM.ActiveCfg = Debug|Any CPU
		{96FBBE16-E7F5-42CB-95FC-7670814D2749}.Debug|ARM.Build.0 = Debug|Any CPU
		{96FBBE16-E7F5-42CB-95FC-7670814D2749}.Debug|x64.ActiveCfg = Debug|Any CPU
		{96FBBE16-E7F5-42CB-95FC-7670814D2749}.Debug|x64.Build.0 = Debug|Any CPU
		{96FBBE16-E7F5-42CB-95FC-7670814D2749}.Debug|x86.ActiveCfg = Debug|Any CPU
		{96FBBE16-E7F5-42CB-95FC-7670814D2749}.Debug|x86.Build.0 = Debug|Any CPU
		{96FBBE16-E7F5-42CB-95FC-7670814D2749}.Release|Any CPU.ActiveCfg = Release|Any CPU
		{96FBBE16-E7F5-42CB-95FC-7670814D2749}.Release|Any CPU.Build.0 = Release|Any CPU
		{96FBBE16-E7F5-42CB-95FC-7670814D2749}.Release|ARM.ActiveCfg = Release|Any CPU
		{96FBBE16-E7F5-42CB-95FC-7670814D2749}.Release|ARM.Build.0 = Release|Any CPU
		{96FBBE16-E7F5-42CB-95FC-7670814D2749}.Release|x64.ActiveCfg = Release|Any CPU
		{96FBBE16-E7F5-42CB-95FC-7670814D2749}.Release|x64.Build.0 = Release|Any CPU
		{96FBBE16-E7F5-42CB-95FC-7670814D2749}.Release|x86.ActiveCfg = Release|Any CPU
		{96FBBE16-E7F5-42CB-95FC-7670814D2749}.Release|x86.Build.0 = Release|Any CPU
		{C6819E58-FC0F-4619-AB31-EC7DF7CC059A}.Debug|Any CPU.ActiveCfg = Debug|Any CPU
		{C6819E58-FC0F-4619-AB31-EC7DF7CC059A}.Debug|Any CPU.Build.0 = Debug|Any CPU
		{C6819E58-FC0F-4619-AB31-EC7DF7CC059A}.Debug|ARM.ActiveCfg = Debug|Any CPU
		{C6819E58-FC0F-4619-AB31-EC7DF7CC059A}.Debug|ARM.Build.0 = Debug|Any CPU
		{C6819E58-FC0F-4619-AB31-EC7DF7CC059A}.Debug|x64.ActiveCfg = Debug|Any CPU
		{C6819E58-FC0F-4619-AB31-EC7DF7CC059A}.Debug|x64.Build.0 = Debug|Any CPU
		{C6819E58-FC0F-4619-AB31-EC7DF7CC059A}.Debug|x86.ActiveCfg = Debug|Any CPU
		{C6819E58-FC0F-4619-AB31-EC7DF7CC059A}.Debug|x86.Build.0 = Debug|Any CPU
		{C6819E58-FC0F-4619-AB31-EC7DF7CC059A}.Release|Any CPU.ActiveCfg = Release|Any CPU
		{C6819E58-FC0F-4619-AB31-EC7DF7CC059A}.Release|Any CPU.Build.0 = Release|Any CPU
		{C6819E58-FC0F-4619-AB31-EC7DF7CC059A}.Release|ARM.ActiveCfg = Release|Any CPU
		{C6819E58-FC0F-4619-AB31-EC7DF7CC059A}.Release|ARM.Build.0 = Release|Any CPU
		{C6819E58-FC0F-4619-AB31-EC7DF7CC059A}.Release|x64.ActiveCfg = Release|Any CPU
		{C6819E58-FC0F-4619-AB31-EC7DF7CC059A}.Release|x64.Build.0 = Release|Any CPU
		{C6819E58-FC0F-4619-AB31-EC7DF7CC059A}.Release|x86.ActiveCfg = Release|Any CPU
		{C6819E58-FC0F-4619-AB31-EC7DF7CC059A}.Release|x86.Build.0 = Release|Any CPU
		{2E68575B-E254-4717-B686-FA9F9A5C96D2}.Debug|Any CPU.ActiveCfg = Debug|Any CPU
		{2E68575B-E254-4717-B686-FA9F9A5C96D2}.Debug|Any CPU.Build.0 = Debug|Any CPU
		{2E68575B-E254-4717-B686-FA9F9A5C96D2}.Debug|ARM.ActiveCfg = Debug|Any CPU
		{2E68575B-E254-4717-B686-FA9F9A5C96D2}.Debug|ARM.Build.0 = Debug|Any CPU
		{2E68575B-E254-4717-B686-FA9F9A5C96D2}.Debug|x64.ActiveCfg = Debug|Any CPU
		{2E68575B-E254-4717-B686-FA9F9A5C96D2}.Debug|x64.Build.0 = Debug|Any CPU
		{2E68575B-E254-4717-B686-FA9F9A5C96D2}.Debug|x86.ActiveCfg = Debug|Any CPU
		{2E68575B-E254-4717-B686-FA9F9A5C96D2}.Debug|x86.Build.0 = Debug|Any CPU
		{2E68575B-E254-4717-B686-FA9F9A5C96D2}.Release|Any CPU.ActiveCfg = Release|Any CPU
		{2E68575B-E254-4717-B686-FA9F9A5C96D2}.Release|Any CPU.Build.0 = Release|Any CPU
		{2E68575B-E254-4717-B686-FA9F9A5C96D2}.Release|ARM.ActiveCfg = Release|Any CPU
		{2E68575B-E254-4717-B686-FA9F9A5C96D2}.Release|ARM.Build.0 = Release|Any CPU
		{2E68575B-E254-4717-B686-FA9F9A5C96D2}.Release|x64.ActiveCfg = Release|Any CPU
		{2E68575B-E254-4717-B686-FA9F9A5C96D2}.Release|x64.Build.0 = Release|Any CPU
		{2E68575B-E254-4717-B686-FA9F9A5C96D2}.Release|x86.ActiveCfg = Release|Any CPU
		{2E68575B-E254-4717-B686-FA9F9A5C96D2}.Release|x86.Build.0 = Release|Any CPU
		{C3D21B5F-212D-420E-B687-B3A91317A0D8}.Debug|Any CPU.ActiveCfg = Debug|Any CPU
		{C3D21B5F-212D-420E-B687-B3A91317A0D8}.Debug|Any CPU.Build.0 = Debug|Any CPU
		{C3D21B5F-212D-420E-B687-B3A91317A0D8}.Debug|ARM.ActiveCfg = Debug|Any CPU
		{C3D21B5F-212D-420E-B687-B3A91317A0D8}.Debug|ARM.Build.0 = Debug|Any CPU
		{C3D21B5F-212D-420E-B687-B3A91317A0D8}.Debug|x64.ActiveCfg = Debug|Any CPU
		{C3D21B5F-212D-420E-B687-B3A91317A0D8}.Debug|x64.Build.0 = Debug|Any CPU
		{C3D21B5F-212D-420E-B687-B3A91317A0D8}.Debug|x86.ActiveCfg = Debug|Any CPU
		{C3D21B5F-212D-420E-B687-B3A91317A0D8}.Debug|x86.Build.0 = Debug|Any CPU
		{C3D21B5F-212D-420E-B687-B3A91317A0D8}.Release|Any CPU.ActiveCfg = Release|Any CPU
		{C3D21B5F-212D-420E-B687-B3A91317A0D8}.Release|Any CPU.Build.0 = Release|Any CPU
		{C3D21B5F-212D-420E-B687-B3A91317A0D8}.Release|ARM.ActiveCfg = Release|Any CPU
		{C3D21B5F-212D-420E-B687-B3A91317A0D8}.Release|ARM.Build.0 = Release|Any CPU
		{C3D21B5F-212D-420E-B687-B3A91317A0D8}.Release|x64.ActiveCfg = Release|Any CPU
		{C3D21B5F-212D-420E-B687-B3A91317A0D8}.Release|x64.Build.0 = Release|Any CPU
		{C3D21B5F-212D-420E-B687-B3A91317A0D8}.Release|x86.ActiveCfg = Release|Any CPU
		{C3D21B5F-212D-420E-B687-B3A91317A0D8}.Release|x86.Build.0 = Release|Any CPU
		{A59173B9-6128-40BE-B5ED-952E1B0DDB2D}.Debug|Any CPU.ActiveCfg = Debug|Any CPU
		{A59173B9-6128-40BE-B5ED-952E1B0DDB2D}.Debug|Any CPU.Build.0 = Debug|Any CPU
		{A59173B9-6128-40BE-B5ED-952E1B0DDB2D}.Debug|ARM.ActiveCfg = Debug|Any CPU
		{A59173B9-6128-40BE-B5ED-952E1B0DDB2D}.Debug|ARM.Build.0 = Debug|Any CPU
		{A59173B9-6128-40BE-B5ED-952E1B0DDB2D}.Debug|x64.ActiveCfg = Debug|Any CPU
		{A59173B9-6128-40BE-B5ED-952E1B0DDB2D}.Debug|x64.Build.0 = Debug|Any CPU
		{A59173B9-6128-40BE-B5ED-952E1B0DDB2D}.Debug|x86.ActiveCfg = Debug|Any CPU
		{A59173B9-6128-40BE-B5ED-952E1B0DDB2D}.Debug|x86.Build.0 = Debug|Any CPU
		{A59173B9-6128-40BE-B5ED-952E1B0DDB2D}.Release|Any CPU.ActiveCfg = Release|Any CPU
		{A59173B9-6128-40BE-B5ED-952E1B0DDB2D}.Release|Any CPU.Build.0 = Release|Any CPU
		{A59173B9-6128-40BE-B5ED-952E1B0DDB2D}.Release|ARM.ActiveCfg = Release|Any CPU
		{A59173B9-6128-40BE-B5ED-952E1B0DDB2D}.Release|ARM.Build.0 = Release|Any CPU
		{A59173B9-6128-40BE-B5ED-952E1B0DDB2D}.Release|x64.ActiveCfg = Release|Any CPU
		{A59173B9-6128-40BE-B5ED-952E1B0DDB2D}.Release|x64.Build.0 = Release|Any CPU
		{A59173B9-6128-40BE-B5ED-952E1B0DDB2D}.Release|x86.ActiveCfg = Release|Any CPU
		{A59173B9-6128-40BE-B5ED-952E1B0DDB2D}.Release|x86.Build.0 = Release|Any CPU
		{61B675A5-482E-4975-8AC3-3B4CD6AF1901}.Debug|Any CPU.ActiveCfg = Debug|Any CPU
		{61B675A5-482E-4975-8AC3-3B4CD6AF1901}.Debug|Any CPU.Build.0 = Debug|Any CPU
		{61B675A5-482E-4975-8AC3-3B4CD6AF1901}.Debug|ARM.ActiveCfg = Debug|Any CPU
		{61B675A5-482E-4975-8AC3-3B4CD6AF1901}.Debug|ARM.Build.0 = Debug|Any CPU
		{61B675A5-482E-4975-8AC3-3B4CD6AF1901}.Debug|x64.ActiveCfg = Debug|Any CPU
		{61B675A5-482E-4975-8AC3-3B4CD6AF1901}.Debug|x64.Build.0 = Debug|Any CPU
		{61B675A5-482E-4975-8AC3-3B4CD6AF1901}.Debug|x86.ActiveCfg = Debug|Any CPU
		{61B675A5-482E-4975-8AC3-3B4CD6AF1901}.Debug|x86.Build.0 = Debug|Any CPU
		{61B675A5-482E-4975-8AC3-3B4CD6AF1901}.Release|Any CPU.ActiveCfg = Release|Any CPU
		{61B675A5-482E-4975-8AC3-3B4CD6AF1901}.Release|Any CPU.Build.0 = Release|Any CPU
		{61B675A5-482E-4975-8AC3-3B4CD6AF1901}.Release|ARM.ActiveCfg = Release|Any CPU
		{61B675A5-482E-4975-8AC3-3B4CD6AF1901}.Release|ARM.Build.0 = Release|Any CPU
		{61B675A5-482E-4975-8AC3-3B4CD6AF1901}.Release|x64.ActiveCfg = Release|Any CPU
		{61B675A5-482E-4975-8AC3-3B4CD6AF1901}.Release|x64.Build.0 = Release|Any CPU
		{61B675A5-482E-4975-8AC3-3B4CD6AF1901}.Release|x86.ActiveCfg = Release|Any CPU
		{61B675A5-482E-4975-8AC3-3B4CD6AF1901}.Release|x86.Build.0 = Release|Any CPU
		{BD81AEDE-C79F-4BF7-92D1-CA3AB979CCAD}.Debug|Any CPU.ActiveCfg = Debug|Any CPU
		{BD81AEDE-C79F-4BF7-92D1-CA3AB979CCAD}.Debug|Any CPU.Build.0 = Debug|Any CPU
		{BD81AEDE-C79F-4BF7-92D1-CA3AB979CCAD}.Debug|ARM.ActiveCfg = Debug|Any CPU
		{BD81AEDE-C79F-4BF7-92D1-CA3AB979CCAD}.Debug|ARM.Build.0 = Debug|Any CPU
		{BD81AEDE-C79F-4BF7-92D1-CA3AB979CCAD}.Debug|x64.ActiveCfg = Debug|Any CPU
		{BD81AEDE-C79F-4BF7-92D1-CA3AB979CCAD}.Debug|x64.Build.0 = Debug|Any CPU
		{BD81AEDE-C79F-4BF7-92D1-CA3AB979CCAD}.Debug|x86.ActiveCfg = Debug|Any CPU
		{BD81AEDE-C79F-4BF7-92D1-CA3AB979CCAD}.Debug|x86.Build.0 = Debug|Any CPU
		{BD81AEDE-C79F-4BF7-92D1-CA3AB979CCAD}.Release|Any CPU.ActiveCfg = Release|Any CPU
		{BD81AEDE-C79F-4BF7-92D1-CA3AB979CCAD}.Release|Any CPU.Build.0 = Release|Any CPU
		{BD81AEDE-C79F-4BF7-92D1-CA3AB979CCAD}.Release|ARM.ActiveCfg = Release|Any CPU
		{BD81AEDE-C79F-4BF7-92D1-CA3AB979CCAD}.Release|ARM.Build.0 = Release|Any CPU
		{BD81AEDE-C79F-4BF7-92D1-CA3AB979CCAD}.Release|x64.ActiveCfg = Release|Any CPU
		{BD81AEDE-C79F-4BF7-92D1-CA3AB979CCAD}.Release|x64.Build.0 = Release|Any CPU
		{BD81AEDE-C79F-4BF7-92D1-CA3AB979CCAD}.Release|x86.ActiveCfg = Release|Any CPU
		{BD81AEDE-C79F-4BF7-92D1-CA3AB979CCAD}.Release|x86.Build.0 = Release|Any CPU
		{423FBA36-B215-461F-80E9-0DB636137F15}.Debug|Any CPU.ActiveCfg = Debug|Any CPU
		{423FBA36-B215-461F-80E9-0DB636137F15}.Debug|Any CPU.Build.0 = Debug|Any CPU
		{423FBA36-B215-461F-80E9-0DB636137F15}.Debug|ARM.ActiveCfg = Debug|Any CPU
		{423FBA36-B215-461F-80E9-0DB636137F15}.Debug|ARM.Build.0 = Debug|Any CPU
		{423FBA36-B215-461F-80E9-0DB636137F15}.Debug|x64.ActiveCfg = Debug|Any CPU
		{423FBA36-B215-461F-80E9-0DB636137F15}.Debug|x64.Build.0 = Debug|Any CPU
		{423FBA36-B215-461F-80E9-0DB636137F15}.Debug|x86.ActiveCfg = Debug|Any CPU
		{423FBA36-B215-461F-80E9-0DB636137F15}.Debug|x86.Build.0 = Debug|Any CPU
		{423FBA36-B215-461F-80E9-0DB636137F15}.Release|Any CPU.ActiveCfg = Release|Any CPU
		{423FBA36-B215-461F-80E9-0DB636137F15}.Release|Any CPU.Build.0 = Release|Any CPU
		{423FBA36-B215-461F-80E9-0DB636137F15}.Release|ARM.ActiveCfg = Release|Any CPU
		{423FBA36-B215-461F-80E9-0DB636137F15}.Release|ARM.Build.0 = Release|Any CPU
		{423FBA36-B215-461F-80E9-0DB636137F15}.Release|x64.ActiveCfg = Release|Any CPU
		{423FBA36-B215-461F-80E9-0DB636137F15}.Release|x64.Build.0 = Release|Any CPU
		{423FBA36-B215-461F-80E9-0DB636137F15}.Release|x86.ActiveCfg = Release|Any CPU
		{423FBA36-B215-461F-80E9-0DB636137F15}.Release|x86.Build.0 = Release|Any CPU
		{AE6F27D3-C58E-48DC-A414-9E64D1A00565}.Debug|Any CPU.ActiveCfg = Debug|Any CPU
		{AE6F27D3-C58E-48DC-A414-9E64D1A00565}.Debug|Any CPU.Build.0 = Debug|Any CPU
		{AE6F27D3-C58E-48DC-A414-9E64D1A00565}.Debug|ARM.ActiveCfg = Debug|Any CPU
		{AE6F27D3-C58E-48DC-A414-9E64D1A00565}.Debug|ARM.Build.0 = Debug|Any CPU
		{AE6F27D3-C58E-48DC-A414-9E64D1A00565}.Debug|x64.ActiveCfg = Debug|Any CPU
		{AE6F27D3-C58E-48DC-A414-9E64D1A00565}.Debug|x64.Build.0 = Debug|Any CPU
		{AE6F27D3-C58E-48DC-A414-9E64D1A00565}.Debug|x86.ActiveCfg = Debug|Any CPU
		{AE6F27D3-C58E-48DC-A414-9E64D1A00565}.Debug|x86.Build.0 = Debug|Any CPU
		{AE6F27D3-C58E-48DC-A414-9E64D1A00565}.Release|Any CPU.ActiveCfg = Release|Any CPU
		{AE6F27D3-C58E-48DC-A414-9E64D1A00565}.Release|Any CPU.Build.0 = Release|Any CPU
		{AE6F27D3-C58E-48DC-A414-9E64D1A00565}.Release|ARM.ActiveCfg = Release|Any CPU
		{AE6F27D3-C58E-48DC-A414-9E64D1A00565}.Release|ARM.Build.0 = Release|Any CPU
		{AE6F27D3-C58E-48DC-A414-9E64D1A00565}.Release|x64.ActiveCfg = Release|Any CPU
		{AE6F27D3-C58E-48DC-A414-9E64D1A00565}.Release|x64.Build.0 = Release|Any CPU
		{AE6F27D3-C58E-48DC-A414-9E64D1A00565}.Release|x86.ActiveCfg = Release|Any CPU
		{AE6F27D3-C58E-48DC-A414-9E64D1A00565}.Release|x86.Build.0 = Release|Any CPU
		{8C1C19D1-58F0-4554-BBBA-949801A453AD}.Debug|Any CPU.ActiveCfg = Debug|Any CPU
		{8C1C19D1-58F0-4554-BBBA-949801A453AD}.Debug|Any CPU.Build.0 = Debug|Any CPU
		{8C1C19D1-58F0-4554-BBBA-949801A453AD}.Debug|ARM.ActiveCfg = Debug|Any CPU
		{8C1C19D1-58F0-4554-BBBA-949801A453AD}.Debug|ARM.Build.0 = Debug|Any CPU
		{8C1C19D1-58F0-4554-BBBA-949801A453AD}.Debug|x64.ActiveCfg = Debug|Any CPU
		{8C1C19D1-58F0-4554-BBBA-949801A453AD}.Debug|x64.Build.0 = Debug|Any CPU
		{8C1C19D1-58F0-4554-BBBA-949801A453AD}.Debug|x86.ActiveCfg = Debug|Any CPU
		{8C1C19D1-58F0-4554-BBBA-949801A453AD}.Debug|x86.Build.0 = Debug|Any CPU
		{8C1C19D1-58F0-4554-BBBA-949801A453AD}.Release|Any CPU.ActiveCfg = Release|Any CPU
		{8C1C19D1-58F0-4554-BBBA-949801A453AD}.Release|Any CPU.Build.0 = Release|Any CPU
		{8C1C19D1-58F0-4554-BBBA-949801A453AD}.Release|ARM.ActiveCfg = Release|Any CPU
		{8C1C19D1-58F0-4554-BBBA-949801A453AD}.Release|ARM.Build.0 = Release|Any CPU
		{8C1C19D1-58F0-4554-BBBA-949801A453AD}.Release|x64.ActiveCfg = Release|Any CPU
		{8C1C19D1-58F0-4554-BBBA-949801A453AD}.Release|x64.Build.0 = Release|Any CPU
		{8C1C19D1-58F0-4554-BBBA-949801A453AD}.Release|x86.ActiveCfg = Release|Any CPU
		{8C1C19D1-58F0-4554-BBBA-949801A453AD}.Release|x86.Build.0 = Release|Any CPU
		{B4ED58A9-385F-4E9D-A3D2-7AAF03910652}.Debug|Any CPU.ActiveCfg = Debug|Any CPU
		{B4ED58A9-385F-4E9D-A3D2-7AAF03910652}.Debug|Any CPU.Build.0 = Debug|Any CPU
		{B4ED58A9-385F-4E9D-A3D2-7AAF03910652}.Debug|ARM.ActiveCfg = Debug|Any CPU
		{B4ED58A9-385F-4E9D-A3D2-7AAF03910652}.Debug|ARM.Build.0 = Debug|Any CPU
		{B4ED58A9-385F-4E9D-A3D2-7AAF03910652}.Debug|x64.ActiveCfg = Debug|Any CPU
		{B4ED58A9-385F-4E9D-A3D2-7AAF03910652}.Debug|x64.Build.0 = Debug|Any CPU
		{B4ED58A9-385F-4E9D-A3D2-7AAF03910652}.Debug|x86.ActiveCfg = Debug|Any CPU
		{B4ED58A9-385F-4E9D-A3D2-7AAF03910652}.Debug|x86.Build.0 = Debug|Any CPU
		{B4ED58A9-385F-4E9D-A3D2-7AAF03910652}.Release|Any CPU.ActiveCfg = Release|Any CPU
		{B4ED58A9-385F-4E9D-A3D2-7AAF03910652}.Release|Any CPU.Build.0 = Release|Any CPU
		{B4ED58A9-385F-4E9D-A3D2-7AAF03910652}.Release|ARM.ActiveCfg = Release|Any CPU
		{B4ED58A9-385F-4E9D-A3D2-7AAF03910652}.Release|ARM.Build.0 = Release|Any CPU
		{B4ED58A9-385F-4E9D-A3D2-7AAF03910652}.Release|x64.ActiveCfg = Release|Any CPU
		{B4ED58A9-385F-4E9D-A3D2-7AAF03910652}.Release|x64.Build.0 = Release|Any CPU
		{B4ED58A9-385F-4E9D-A3D2-7AAF03910652}.Release|x86.ActiveCfg = Release|Any CPU
		{B4ED58A9-385F-4E9D-A3D2-7AAF03910652}.Release|x86.Build.0 = Release|Any CPU
		{1F33FCE4-2CE8-4246-8D97-38D0CC96FCC9}.Debug|Any CPU.ActiveCfg = Debug|Any CPU
		{1F33FCE4-2CE8-4246-8D97-38D0CC96FCC9}.Debug|Any CPU.Build.0 = Debug|Any CPU
		{1F33FCE4-2CE8-4246-8D97-38D0CC96FCC9}.Debug|ARM.ActiveCfg = Debug|Any CPU
		{1F33FCE4-2CE8-4246-8D97-38D0CC96FCC9}.Debug|ARM.Build.0 = Debug|Any CPU
		{1F33FCE4-2CE8-4246-8D97-38D0CC96FCC9}.Debug|x64.ActiveCfg = Debug|Any CPU
		{1F33FCE4-2CE8-4246-8D97-38D0CC96FCC9}.Debug|x64.Build.0 = Debug|Any CPU
		{1F33FCE4-2CE8-4246-8D97-38D0CC96FCC9}.Debug|x86.ActiveCfg = Debug|Any CPU
		{1F33FCE4-2CE8-4246-8D97-38D0CC96FCC9}.Debug|x86.Build.0 = Debug|Any CPU
		{1F33FCE4-2CE8-4246-8D97-38D0CC96FCC9}.Release|Any CPU.ActiveCfg = Release|Any CPU
		{1F33FCE4-2CE8-4246-8D97-38D0CC96FCC9}.Release|Any CPU.Build.0 = Release|Any CPU
		{1F33FCE4-2CE8-4246-8D97-38D0CC96FCC9}.Release|ARM.ActiveCfg = Release|Any CPU
		{1F33FCE4-2CE8-4246-8D97-38D0CC96FCC9}.Release|ARM.Build.0 = Release|Any CPU
		{1F33FCE4-2CE8-4246-8D97-38D0CC96FCC9}.Release|x64.ActiveCfg = Release|Any CPU
		{1F33FCE4-2CE8-4246-8D97-38D0CC96FCC9}.Release|x64.Build.0 = Release|Any CPU
		{1F33FCE4-2CE8-4246-8D97-38D0CC96FCC9}.Release|x86.ActiveCfg = Release|Any CPU
		{1F33FCE4-2CE8-4246-8D97-38D0CC96FCC9}.Release|x86.Build.0 = Release|Any CPU
		{92F3F191-2940-4C6F-AFA2-E81A24DDDCF5}.Debug|Any CPU.ActiveCfg = Debug|Any CPU
		{92F3F191-2940-4C6F-AFA2-E81A24DDDCF5}.Debug|Any CPU.Build.0 = Debug|Any CPU
		{92F3F191-2940-4C6F-AFA2-E81A24DDDCF5}.Debug|ARM.ActiveCfg = Debug|Any CPU
		{92F3F191-2940-4C6F-AFA2-E81A24DDDCF5}.Debug|ARM.Build.0 = Debug|Any CPU
		{92F3F191-2940-4C6F-AFA2-E81A24DDDCF5}.Debug|x64.ActiveCfg = Debug|Any CPU
		{92F3F191-2940-4C6F-AFA2-E81A24DDDCF5}.Debug|x64.Build.0 = Debug|Any CPU
		{92F3F191-2940-4C6F-AFA2-E81A24DDDCF5}.Debug|x86.ActiveCfg = Debug|Any CPU
		{92F3F191-2940-4C6F-AFA2-E81A24DDDCF5}.Debug|x86.Build.0 = Debug|Any CPU
		{92F3F191-2940-4C6F-AFA2-E81A24DDDCF5}.Release|Any CPU.ActiveCfg = Release|Any CPU
		{92F3F191-2940-4C6F-AFA2-E81A24DDDCF5}.Release|Any CPU.Build.0 = Release|Any CPU
		{92F3F191-2940-4C6F-AFA2-E81A24DDDCF5}.Release|ARM.ActiveCfg = Release|Any CPU
		{92F3F191-2940-4C6F-AFA2-E81A24DDDCF5}.Release|ARM.Build.0 = Release|Any CPU
		{92F3F191-2940-4C6F-AFA2-E81A24DDDCF5}.Release|x64.ActiveCfg = Release|Any CPU
		{92F3F191-2940-4C6F-AFA2-E81A24DDDCF5}.Release|x64.Build.0 = Release|Any CPU
		{92F3F191-2940-4C6F-AFA2-E81A24DDDCF5}.Release|x86.ActiveCfg = Release|Any CPU
		{92F3F191-2940-4C6F-AFA2-E81A24DDDCF5}.Release|x86.Build.0 = Release|Any CPU
		{ED56454F-6876-44D2-AE72-F079FFE43BF8}.Debug|Any CPU.ActiveCfg = Debug|Any CPU
		{ED56454F-6876-44D2-AE72-F079FFE43BF8}.Debug|Any CPU.Build.0 = Debug|Any CPU
		{ED56454F-6876-44D2-AE72-F079FFE43BF8}.Debug|ARM.ActiveCfg = Debug|Any CPU
		{ED56454F-6876-44D2-AE72-F079FFE43BF8}.Debug|ARM.Build.0 = Debug|Any CPU
		{ED56454F-6876-44D2-AE72-F079FFE43BF8}.Debug|x64.ActiveCfg = Debug|Any CPU
		{ED56454F-6876-44D2-AE72-F079FFE43BF8}.Debug|x64.Build.0 = Debug|Any CPU
		{ED56454F-6876-44D2-AE72-F079FFE43BF8}.Debug|x86.ActiveCfg = Debug|Any CPU
		{ED56454F-6876-44D2-AE72-F079FFE43BF8}.Debug|x86.Build.0 = Debug|Any CPU
		{ED56454F-6876-44D2-AE72-F079FFE43BF8}.Release|Any CPU.ActiveCfg = Release|Any CPU
		{ED56454F-6876-44D2-AE72-F079FFE43BF8}.Release|Any CPU.Build.0 = Release|Any CPU
		{ED56454F-6876-44D2-AE72-F079FFE43BF8}.Release|ARM.ActiveCfg = Release|Any CPU
		{ED56454F-6876-44D2-AE72-F079FFE43BF8}.Release|ARM.Build.0 = Release|Any CPU
		{ED56454F-6876-44D2-AE72-F079FFE43BF8}.Release|x64.ActiveCfg = Release|Any CPU
		{ED56454F-6876-44D2-AE72-F079FFE43BF8}.Release|x64.Build.0 = Release|Any CPU
		{ED56454F-6876-44D2-AE72-F079FFE43BF8}.Release|x86.ActiveCfg = Release|Any CPU
		{ED56454F-6876-44D2-AE72-F079FFE43BF8}.Release|x86.Build.0 = Release|Any CPU
		{71D85672-A5BA-4AF3-9378-B4603E66F64B}.Debug|Any CPU.ActiveCfg = Debug|Any CPU
		{71D85672-A5BA-4AF3-9378-B4603E66F64B}.Debug|Any CPU.Build.0 = Debug|Any CPU
		{71D85672-A5BA-4AF3-9378-B4603E66F64B}.Debug|ARM.ActiveCfg = Debug|Any CPU
		{71D85672-A5BA-4AF3-9378-B4603E66F64B}.Debug|ARM.Build.0 = Debug|Any CPU
		{71D85672-A5BA-4AF3-9378-B4603E66F64B}.Debug|x64.ActiveCfg = Debug|Any CPU
		{71D85672-A5BA-4AF3-9378-B4603E66F64B}.Debug|x64.Build.0 = Debug|Any CPU
		{71D85672-A5BA-4AF3-9378-B4603E66F64B}.Debug|x86.ActiveCfg = Debug|Any CPU
		{71D85672-A5BA-4AF3-9378-B4603E66F64B}.Debug|x86.Build.0 = Debug|Any CPU
		{71D85672-A5BA-4AF3-9378-B4603E66F64B}.Release|Any CPU.ActiveCfg = Release|Any CPU
		{71D85672-A5BA-4AF3-9378-B4603E66F64B}.Release|Any CPU.Build.0 = Release|Any CPU
		{71D85672-A5BA-4AF3-9378-B4603E66F64B}.Release|ARM.ActiveCfg = Release|Any CPU
		{71D85672-A5BA-4AF3-9378-B4603E66F64B}.Release|ARM.Build.0 = Release|Any CPU
		{71D85672-A5BA-4AF3-9378-B4603E66F64B}.Release|x64.ActiveCfg = Release|Any CPU
		{71D85672-A5BA-4AF3-9378-B4603E66F64B}.Release|x64.Build.0 = Release|Any CPU
		{71D85672-A5BA-4AF3-9378-B4603E66F64B}.Release|x86.ActiveCfg = Release|Any CPU
		{71D85672-A5BA-4AF3-9378-B4603E66F64B}.Release|x86.Build.0 = Release|Any CPU
		{0CABC17D-324F-4C6B-9C05-2B1C20ADE217}.Debug|Any CPU.ActiveCfg = Debug|Any CPU
		{0CABC17D-324F-4C6B-9C05-2B1C20ADE217}.Debug|Any CPU.Build.0 = Debug|Any CPU
		{0CABC17D-324F-4C6B-9C05-2B1C20ADE217}.Debug|ARM.ActiveCfg = Debug|Any CPU
		{0CABC17D-324F-4C6B-9C05-2B1C20ADE217}.Debug|ARM.Build.0 = Debug|Any CPU
		{0CABC17D-324F-4C6B-9C05-2B1C20ADE217}.Debug|x64.ActiveCfg = Debug|Any CPU
		{0CABC17D-324F-4C6B-9C05-2B1C20ADE217}.Debug|x64.Build.0 = Debug|Any CPU
		{0CABC17D-324F-4C6B-9C05-2B1C20ADE217}.Debug|x86.ActiveCfg = Debug|Any CPU
		{0CABC17D-324F-4C6B-9C05-2B1C20ADE217}.Debug|x86.Build.0 = Debug|Any CPU
		{0CABC17D-324F-4C6B-9C05-2B1C20ADE217}.Release|Any CPU.ActiveCfg = Release|Any CPU
		{0CABC17D-324F-4C6B-9C05-2B1C20ADE217}.Release|Any CPU.Build.0 = Release|Any CPU
		{0CABC17D-324F-4C6B-9C05-2B1C20ADE217}.Release|ARM.ActiveCfg = Release|Any CPU
		{0CABC17D-324F-4C6B-9C05-2B1C20ADE217}.Release|ARM.Build.0 = Release|Any CPU
		{0CABC17D-324F-4C6B-9C05-2B1C20ADE217}.Release|x64.ActiveCfg = Release|Any CPU
		{0CABC17D-324F-4C6B-9C05-2B1C20ADE217}.Release|x64.Build.0 = Release|Any CPU
		{0CABC17D-324F-4C6B-9C05-2B1C20ADE217}.Release|x86.ActiveCfg = Release|Any CPU
		{0CABC17D-324F-4C6B-9C05-2B1C20ADE217}.Release|x86.Build.0 = Release|Any CPU
		{42C51D19-85DC-4DEF-8FD6-5FE4CEAA26CE}.Debug|Any CPU.ActiveCfg = Debug|Any CPU
		{42C51D19-85DC-4DEF-8FD6-5FE4CEAA26CE}.Debug|Any CPU.Build.0 = Debug|Any CPU
		{42C51D19-85DC-4DEF-8FD6-5FE4CEAA26CE}.Debug|ARM.ActiveCfg = Debug|Any CPU
		{42C51D19-85DC-4DEF-8FD6-5FE4CEAA26CE}.Debug|ARM.Build.0 = Debug|Any CPU
		{42C51D19-85DC-4DEF-8FD6-5FE4CEAA26CE}.Debug|x64.ActiveCfg = Debug|Any CPU
		{42C51D19-85DC-4DEF-8FD6-5FE4CEAA26CE}.Debug|x64.Build.0 = Debug|Any CPU
		{42C51D19-85DC-4DEF-8FD6-5FE4CEAA26CE}.Debug|x86.ActiveCfg = Debug|Any CPU
		{42C51D19-85DC-4DEF-8FD6-5FE4CEAA26CE}.Debug|x86.Build.0 = Debug|Any CPU
		{42C51D19-85DC-4DEF-8FD6-5FE4CEAA26CE}.Release|Any CPU.ActiveCfg = Release|Any CPU
		{42C51D19-85DC-4DEF-8FD6-5FE4CEAA26CE}.Release|Any CPU.Build.0 = Release|Any CPU
		{42C51D19-85DC-4DEF-8FD6-5FE4CEAA26CE}.Release|ARM.ActiveCfg = Release|Any CPU
		{42C51D19-85DC-4DEF-8FD6-5FE4CEAA26CE}.Release|ARM.Build.0 = Release|Any CPU
		{42C51D19-85DC-4DEF-8FD6-5FE4CEAA26CE}.Release|x64.ActiveCfg = Release|Any CPU
		{42C51D19-85DC-4DEF-8FD6-5FE4CEAA26CE}.Release|x64.Build.0 = Release|Any CPU
		{42C51D19-85DC-4DEF-8FD6-5FE4CEAA26CE}.Release|x86.ActiveCfg = Release|Any CPU
		{42C51D19-85DC-4DEF-8FD6-5FE4CEAA26CE}.Release|x86.Build.0 = Release|Any CPU
		{4906FE00-3AAF-4FBC-86AF-B12D16A525E8}.Debug|Any CPU.ActiveCfg = Debug|Any CPU
		{4906FE00-3AAF-4FBC-86AF-B12D16A525E8}.Debug|Any CPU.Build.0 = Debug|Any CPU
		{4906FE00-3AAF-4FBC-86AF-B12D16A525E8}.Debug|ARM.ActiveCfg = Debug|Any CPU
		{4906FE00-3AAF-4FBC-86AF-B12D16A525E8}.Debug|ARM.Build.0 = Debug|Any CPU
		{4906FE00-3AAF-4FBC-86AF-B12D16A525E8}.Debug|x64.ActiveCfg = Debug|Any CPU
		{4906FE00-3AAF-4FBC-86AF-B12D16A525E8}.Debug|x64.Build.0 = Debug|Any CPU
		{4906FE00-3AAF-4FBC-86AF-B12D16A525E8}.Debug|x86.ActiveCfg = Debug|Any CPU
		{4906FE00-3AAF-4FBC-86AF-B12D16A525E8}.Debug|x86.Build.0 = Debug|Any CPU
		{4906FE00-3AAF-4FBC-86AF-B12D16A525E8}.Release|Any CPU.ActiveCfg = Release|Any CPU
		{4906FE00-3AAF-4FBC-86AF-B12D16A525E8}.Release|Any CPU.Build.0 = Release|Any CPU
		{4906FE00-3AAF-4FBC-86AF-B12D16A525E8}.Release|ARM.ActiveCfg = Release|Any CPU
		{4906FE00-3AAF-4FBC-86AF-B12D16A525E8}.Release|ARM.Build.0 = Release|Any CPU
		{4906FE00-3AAF-4FBC-86AF-B12D16A525E8}.Release|x64.ActiveCfg = Release|Any CPU
		{4906FE00-3AAF-4FBC-86AF-B12D16A525E8}.Release|x64.Build.0 = Release|Any CPU
		{4906FE00-3AAF-4FBC-86AF-B12D16A525E8}.Release|x86.ActiveCfg = Release|Any CPU
		{4906FE00-3AAF-4FBC-86AF-B12D16A525E8}.Release|x86.Build.0 = Release|Any CPU
		{D6108DF6-F5A5-4358-B6A2-4C0A0B2379A6}.Debug|Any CPU.ActiveCfg = Debug|Any CPU
		{D6108DF6-F5A5-4358-B6A2-4C0A0B2379A6}.Debug|Any CPU.Build.0 = Debug|Any CPU
		{D6108DF6-F5A5-4358-B6A2-4C0A0B2379A6}.Debug|ARM.ActiveCfg = Debug|Any CPU
		{D6108DF6-F5A5-4358-B6A2-4C0A0B2379A6}.Debug|ARM.Build.0 = Debug|Any CPU
		{D6108DF6-F5A5-4358-B6A2-4C0A0B2379A6}.Debug|x64.ActiveCfg = Debug|Any CPU
		{D6108DF6-F5A5-4358-B6A2-4C0A0B2379A6}.Debug|x64.Build.0 = Debug|Any CPU
		{D6108DF6-F5A5-4358-B6A2-4C0A0B2379A6}.Debug|x86.ActiveCfg = Debug|Any CPU
		{D6108DF6-F5A5-4358-B6A2-4C0A0B2379A6}.Debug|x86.Build.0 = Debug|Any CPU
		{D6108DF6-F5A5-4358-B6A2-4C0A0B2379A6}.Release|Any CPU.ActiveCfg = Release|Any CPU
		{D6108DF6-F5A5-4358-B6A2-4C0A0B2379A6}.Release|Any CPU.Build.0 = Release|Any CPU
		{D6108DF6-F5A5-4358-B6A2-4C0A0B2379A6}.Release|ARM.ActiveCfg = Release|Any CPU
		{D6108DF6-F5A5-4358-B6A2-4C0A0B2379A6}.Release|ARM.Build.0 = Release|Any CPU
		{D6108DF6-F5A5-4358-B6A2-4C0A0B2379A6}.Release|x64.ActiveCfg = Release|Any CPU
		{D6108DF6-F5A5-4358-B6A2-4C0A0B2379A6}.Release|x64.Build.0 = Release|Any CPU
		{D6108DF6-F5A5-4358-B6A2-4C0A0B2379A6}.Release|x86.ActiveCfg = Release|Any CPU
		{D6108DF6-F5A5-4358-B6A2-4C0A0B2379A6}.Release|x86.Build.0 = Release|Any CPU
		{EC5C2F69-E550-4537-908D-FF31D9195BBA}.Debug|Any CPU.ActiveCfg = Debug|Any CPU
		{EC5C2F69-E550-4537-908D-FF31D9195BBA}.Debug|Any CPU.Build.0 = Debug|Any CPU
		{EC5C2F69-E550-4537-908D-FF31D9195BBA}.Debug|ARM.ActiveCfg = Debug|Any CPU
		{EC5C2F69-E550-4537-908D-FF31D9195BBA}.Debug|ARM.Build.0 = Debug|Any CPU
		{EC5C2F69-E550-4537-908D-FF31D9195BBA}.Debug|x64.ActiveCfg = Debug|Any CPU
		{EC5C2F69-E550-4537-908D-FF31D9195BBA}.Debug|x64.Build.0 = Debug|Any CPU
		{EC5C2F69-E550-4537-908D-FF31D9195BBA}.Debug|x86.ActiveCfg = Debug|Any CPU
		{EC5C2F69-E550-4537-908D-FF31D9195BBA}.Debug|x86.Build.0 = Debug|Any CPU
		{EC5C2F69-E550-4537-908D-FF31D9195BBA}.Release|Any CPU.ActiveCfg = Release|Any CPU
		{EC5C2F69-E550-4537-908D-FF31D9195BBA}.Release|Any CPU.Build.0 = Release|Any CPU
		{EC5C2F69-E550-4537-908D-FF31D9195BBA}.Release|ARM.ActiveCfg = Release|Any CPU
		{EC5C2F69-E550-4537-908D-FF31D9195BBA}.Release|ARM.Build.0 = Release|Any CPU
		{EC5C2F69-E550-4537-908D-FF31D9195BBA}.Release|x64.ActiveCfg = Release|Any CPU
		{EC5C2F69-E550-4537-908D-FF31D9195BBA}.Release|x64.Build.0 = Release|Any CPU
		{EC5C2F69-E550-4537-908D-FF31D9195BBA}.Release|x86.ActiveCfg = Release|Any CPU
		{EC5C2F69-E550-4537-908D-FF31D9195BBA}.Release|x86.Build.0 = Release|Any CPU
		{99BC9E51-3DD9-48FC-B683-BFB8A11AAA3F}.Debug|Any CPU.ActiveCfg = Debug|Any CPU
		{99BC9E51-3DD9-48FC-B683-BFB8A11AAA3F}.Debug|Any CPU.Build.0 = Debug|Any CPU
		{99BC9E51-3DD9-48FC-B683-BFB8A11AAA3F}.Debug|ARM.ActiveCfg = Debug|ARM
		{99BC9E51-3DD9-48FC-B683-BFB8A11AAA3F}.Debug|ARM.Build.0 = Debug|ARM
		{99BC9E51-3DD9-48FC-B683-BFB8A11AAA3F}.Debug|x64.ActiveCfg = Debug|x64
		{99BC9E51-3DD9-48FC-B683-BFB8A11AAA3F}.Debug|x64.Build.0 = Debug|x64
		{99BC9E51-3DD9-48FC-B683-BFB8A11AAA3F}.Debug|x86.ActiveCfg = Debug|x86
		{99BC9E51-3DD9-48FC-B683-BFB8A11AAA3F}.Debug|x86.Build.0 = Debug|x86
		{99BC9E51-3DD9-48FC-B683-BFB8A11AAA3F}.Release|Any CPU.ActiveCfg = Release|Any CPU
		{99BC9E51-3DD9-48FC-B683-BFB8A11AAA3F}.Release|Any CPU.Build.0 = Release|Any CPU
		{99BC9E51-3DD9-48FC-B683-BFB8A11AAA3F}.Release|ARM.ActiveCfg = Release|ARM
		{99BC9E51-3DD9-48FC-B683-BFB8A11AAA3F}.Release|ARM.Build.0 = Release|ARM
		{99BC9E51-3DD9-48FC-B683-BFB8A11AAA3F}.Release|x64.ActiveCfg = Release|x64
		{99BC9E51-3DD9-48FC-B683-BFB8A11AAA3F}.Release|x64.Build.0 = Release|x64
		{99BC9E51-3DD9-48FC-B683-BFB8A11AAA3F}.Release|x86.ActiveCfg = Release|x86
		{99BC9E51-3DD9-48FC-B683-BFB8A11AAA3F}.Release|x86.Build.0 = Release|x86
	EndGlobalSection
	GlobalSection(SolutionProperties) = preSolution
		HideSolutionNode = FALSE
	EndGlobalSection
	GlobalSection(NestedProjects) = preSolution
		{A768146E-E695-4F77-8C4B-2EAE70E7DB4B} = {B8BCF020-8DCA-462B-826B-A323F744719D}
		{0DE262D3-DD66-494D-9BC8-01879EDC10C2} = {5349EC90-2820-4EA9-9B58-B7EE9A578693}
		{F79C9700-7838-428B-9C09-071B6DC51459} = {B8BCF020-8DCA-462B-826B-A323F744719D}
		{58903B18-A543-4D49-84F6-17A622D671B3} = {F812C9DC-AE23-4935-9EB9-BCDF46ADEC49}
		{FA6D1FC2-F614-4C03-BBAC-DEBB444FC3B7} = {F812C9DC-AE23-4935-9EB9-BCDF46ADEC49}
		{96FBBE16-E7F5-42CB-95FC-7670814D2749} = {B8BCF020-8DCA-462B-826B-A323F744719D}
		{C6819E58-FC0F-4619-AB31-EC7DF7CC059A} = {B8BCF020-8DCA-462B-826B-A323F744719D}
		{2E68575B-E254-4717-B686-FA9F9A5C96D2} = {F812C9DC-AE23-4935-9EB9-BCDF46ADEC49}
		{C3D21B5F-212D-420E-B687-B3A91317A0D8} = {F812C9DC-AE23-4935-9EB9-BCDF46ADEC49}
		{A59173B9-6128-40BE-B5ED-952E1B0DDB2D} = {46F709FA-7CD0-4729-9955-F66C3E24BE48}
		{61B675A5-482E-4975-8AC3-3B4CD6AF1901} = {46F709FA-7CD0-4729-9955-F66C3E24BE48}
		{BD81AEDE-C79F-4BF7-92D1-CA3AB979CCAD} = {46F709FA-7CD0-4729-9955-F66C3E24BE48}
		{423FBA36-B215-461F-80E9-0DB636137F15} = {46F709FA-7CD0-4729-9955-F66C3E24BE48}
		{AE6F27D3-C58E-48DC-A414-9E64D1A00565} = {5349EC90-2820-4EA9-9B58-B7EE9A578693}
		{8C1C19D1-58F0-4554-BBBA-949801A453AD} = {885E83FD-371D-45A7-B87C-54CC845C3102}
		{B4ED58A9-385F-4E9D-A3D2-7AAF03910652} = {885E83FD-371D-45A7-B87C-54CC845C3102}
		{1F33FCE4-2CE8-4246-8D97-38D0CC96FCC9} = {885E83FD-371D-45A7-B87C-54CC845C3102}
		{92F3F191-2940-4C6F-AFA2-E81A24DDDCF5} = {885E83FD-371D-45A7-B87C-54CC845C3102}
		{ED56454F-6876-44D2-AE72-F079FFE43BF8} = {1CC3F8EF-ABD0-4453-B8EA-300FBD709C49}
		{71D85672-A5BA-4AF3-9378-B4603E66F64B} = {1CC3F8EF-ABD0-4453-B8EA-300FBD709C49}
		{0CABC17D-324F-4C6B-9C05-2B1C20ADE217} = {1CC3F8EF-ABD0-4453-B8EA-300FBD709C49}
		{42C51D19-85DC-4DEF-8FD6-5FE4CEAA26CE} = {A59831B4-D87B-42AC-84E6-4042A8865A20}
		{4906FE00-3AAF-4FBC-86AF-B12D16A525E8} = {A59831B4-D87B-42AC-84E6-4042A8865A20}
		{D6108DF6-F5A5-4358-B6A2-4C0A0B2379A6} = {A59831B4-D87B-42AC-84E6-4042A8865A20}
		{EC5C2F69-E550-4537-908D-FF31D9195BBA} = {A59831B4-D87B-42AC-84E6-4042A8865A20}
		{99BC9E51-3DD9-48FC-B683-BFB8A11AAA3F} = {5349EC90-2820-4EA9-9B58-B7EE9A578693}
	EndGlobalSection
EndGlobal
